
Microsoft Visual Studio Solution File, Format Version 12.00
# Visual Studio Version 17
VisualStudioVersion = 17.2.32516.85
MinimumVisualStudioVersion = 10.0.40219.1
Project("{FAE04EC0-301F-11D3-BF4B-00C04F79EFBC}") = "MarsRoverKataProject3", "MarsRoverKataProject3.csproj", "{36CA1A14-70A9-4C3C-A91C-0EDF82F66F86}"
EndProject
Global
	GlobalSection(SolutionConfigurationPlatforms) = preSolution
		Debug|Any CPU = Debug|Any CPU
		Release|Any CPU = Release|Any CPU
	EndGlobalSection
	GlobalSection(ProjectConfigurationPlatforms) = postSolution
		{36CA1A14-70A9-4C3C-A91C-0EDF82F66F86}.Debug|Any CPU.ActiveCfg = Debug|Any CPU
		{36CA1A14-70A9-4C3C-A91C-0EDF82F66F86}.Debug|Any CPU.Build.0 = Debug|Any CPU
		{36CA1A14-70A9-4C3C-A91C-0EDF82F66F86}.Release|Any CPU.ActiveCfg = Release|Any CPU
		{36CA1A14-70A9-4C3C-A91C-0EDF82F66F86}.Release|Any CPU.Build.0 = Release|Any CPU
	EndGlobalSection
	GlobalSection(SolutionProperties) = preSolution
		HideSolutionNode = FALSE
	EndGlobalSection
	GlobalSection(ExtensibilityGlobals) = postSolution
		SolutionGuid = {5327B7FD-A0CE-40FF-A482-0A9653CE2064}
	EndGlobalSection
EndGlobal
