
Microsoft Visual Studio Solution File, Format Version 12.00
# Visual Studio Version 17
VisualStudioVersion = 17.2.32516.85
MinimumVisualStudioVersion = 10.0.40219.1
Project("{9A19103F-16F7-4668-BE54-9A1E7A4F7556}") = "MarsRoverKataProject", "MarsRoverKataProject.csproj", "{A70C457F-D37B-4A15-93D6-ED7A6908A8B3}"
EndProject
Project("{2150E333-8FDC-42A3-9474-1A3956D46DE8}") = "Solution Items", "Solution Items", "{C7D5EB82-5B83-4ED4-BB0C-D635D5269162}"
	ProjectSection(SolutionItems) = preProject
		..\..\..\..\Udemy C# Course\CSharpProjects\CSharpProjects\Step03\Tests\Tests\Form1.cs = ..\..\..\..\Udemy C# Course\CSharpProjects\CSharpProjects\Step03\Tests\Tests\Form1.cs
	EndProjectSection
EndProject
Global
	GlobalSection(SolutionConfigurationPlatforms) = preSolution
		Debug|Any CPU = Debug|Any CPU
		Release|Any CPU = Release|Any CPU
	EndGlobalSection
	GlobalSection(ProjectConfigurationPlatforms) = postSolution
		{A70C457F-D37B-4A15-93D6-ED7A6908A8B3}.Debug|Any CPU.ActiveCfg = Debug|Any CPU
		{A70C457F-D37B-4A15-93D6-ED7A6908A8B3}.Debug|Any CPU.Build.0 = Debug|Any CPU
		{A70C457F-D37B-4A15-93D6-ED7A6908A8B3}.Release|Any CPU.ActiveCfg = Release|Any CPU
		{A70C457F-D37B-4A15-93D6-ED7A6908A8B3}.Release|Any CPU.Build.0 = Release|Any CPU
	EndGlobalSection
	GlobalSection(SolutionProperties) = preSolution
		HideSolutionNode = FALSE
	EndGlobalSection
	GlobalSection(ExtensibilityGlobals) = postSolution
		SolutionGuid = {5750AD01-2999-4A4E-978B-5A6F53738E40}
	EndGlobalSection
EndGlobal
